
Microsoft Visual Studio Solution File, Format Version 12.00
# Visual Studio Version 16
VisualStudioVersion = 16.0.30717.126
MinimumVisualStudioVersion = 10.0.40219.1
Project("{FAE04EC0-301F-11D3-BF4B-00C04F79EFBC}") = "ChessGame", "ChessGame\ChessGame.csproj", "{63C22B99-D079-4C8E-9F60-A27BCD082FA3}"
EndProject
Project("{FAE04EC0-301F-11D3-BF4B-00C04F79EFBC}") = "ChessCommandline", "ChessCommandline\ChessCommandline.csproj", "{0817D85B-ACC8-4BEA-80D0-513D44723B04}"
EndProject
Project("{2150E333-8FDC-42A3-9474-1A3956D46DE8}") = "Solution Items", "Solution Items", "{6462D10B-855C-40F6-9966-CED34ABD86EC}"
	ProjectSection(SolutionItems) = preProject
		.editorconfig = .editorconfig
	EndProjectSection
EndProject
Project("{FAE04EC0-301F-11D3-BF4B-00C04F79EFBC}") = "ChessForms", "ChessForms\ChessForms.csproj", "{E6DC8C1B-6EAA-4011-946C-D106820A6E17}"
EndProject
Project("{FAE04EC0-301F-11D3-BF4B-00C04F79EFBC}") = "ChessBots", "ChessBots\ChessBots.csproj", "{40B29C7C-8E24-496C-BA44-4330949F1D38}"
EndProject
Global
	GlobalSection(SolutionConfigurationPlatforms) = preSolution
		Debug|Any CPU = Debug|Any CPU
		Release|Any CPU = Release|Any CPU
	EndGlobalSection
	GlobalSection(ProjectConfigurationPlatforms) = postSolution
		{63C22B99-D079-4C8E-9F60-A27BCD082FA3}.Debug|Any CPU.ActiveCfg = Debug|Any CPU
		{63C22B99-D079-4C8E-9F60-A27BCD082FA3}.Debug|Any CPU.Build.0 = Debug|Any CPU
		{63C22B99-D079-4C8E-9F60-A27BCD082FA3}.Release|Any CPU.ActiveCfg = Release|Any CPU
		{63C22B99-D079-4C8E-9F60-A27BCD082FA3}.Release|Any CPU.Build.0 = Release|Any CPU
		{0817D85B-ACC8-4BEA-80D0-513D44723B04}.Debug|Any CPU.ActiveCfg = Debug|Any CPU
		{0817D85B-ACC8-4BEA-80D0-513D44723B04}.Debug|Any CPU.Build.0 = Debug|Any CPU
		{0817D85B-ACC8-4BEA-80D0-513D44723B04}.Release|Any CPU.ActiveCfg = Release|Any CPU
		{0817D85B-ACC8-4BEA-80D0-513D44723B04}.Release|Any CPU.Build.0 = Release|Any CPU
		{E6DC8C1B-6EAA-4011-946C-D106820A6E17}.Debug|Any CPU.ActiveCfg = Debug|Any CPU
		{E6DC8C1B-6EAA-4011-946C-D106820A6E17}.Debug|Any CPU.Build.0 = Debug|Any CPU
		{E6DC8C1B-6EAA-4011-946C-D106820A6E17}.Release|Any CPU.ActiveCfg = Release|Any CPU
		{E6DC8C1B-6EAA-4011-946C-D106820A6E17}.Release|Any CPU.Build.0 = Release|Any CPU
		{40B29C7C-8E24-496C-BA44-4330949F1D38}.Debug|Any CPU.ActiveCfg = Debug|Any CPU
		{40B29C7C-8E24-496C-BA44-4330949F1D38}.Debug|Any CPU.Build.0 = Debug|Any CPU
		{40B29C7C-8E24-496C-BA44-4330949F1D38}.Release|Any CPU.ActiveCfg = Release|Any CPU
		{40B29C7C-8E24-496C-BA44-4330949F1D38}.Release|Any CPU.Build.0 = Release|Any CPU
	EndGlobalSection
	GlobalSection(SolutionProperties) = preSolution
		HideSolutionNode = FALSE
	EndGlobalSection
	GlobalSection(ExtensibilityGlobals) = postSolution
		SolutionGuid = {F3F6912F-BB46-4BAF-962A-2EC808C8A738}
	EndGlobalSection
EndGlobal
